#
# This file is autogenerated by pip-compile with Python 3.14
# by the following command:
#
#    pip-compile --output-file=requirements.lock --strip-extras requirements.in
#
--index-url https://pypi.tuna.tsinghua.edu.cn/simple
--trusted-host pypi.tuna.tsinghua.edu.cn

aiofiles==25.1.0
    # via -r requirements.in
aiohappyeyeballs==2.6.1
    # via aiohttp
aiohttp==3.13.2
    # via -r requirements.in
aioredis==2.0.1
    # via -r requirements.in
aiosignal==1.4.0
    # via aiohttp
alembic==1.17.2
    # via -r requirements.in
amqp==5.3.1
    # via kombu
annotated-doc==0.0.4
    # via fastapi
annotated-types==0.7.0
    # via pydantic
anthropic==0.75.0
    # via -r requirements.in
anyio==4.12.0
    # via
    #   anthropic
    #   httpx
    #   openai
    #   starlette
    #   watchfiles
asgiref==3.11.0
    # via opentelemetry-instrumentation-asgi
async-timeout==5.0.1
    # via aioredis
asyncpg==0.31.0
    # via -r requirements.in
attrs==25.4.0
    # via aiohttp
babel==2.17.0
    # via mkdocs-material
backrefs==6.1
    # via mkdocs-material
bcrypt==5.0.0
    # via passlib
beautifulsoup4==4.14.3
    # via -r requirements.in
billiard==4.2.4
    # via celery
black==25.12.0
    # via -r requirements.in
blinker==1.9.0
    # via flask
celery==5.6.0
    # via -r requirements.in
certifi==2025.11.12
    # via
    #   httpcore
    #   httpx
    #   requests
cffi==2.0.0
    # via cryptography
charset-normalizer==3.4.4
    # via
    #   pdfminer-six
    #   requests
click==8.3.1
    # via
    #   -r requirements.in
    #   black
    #   celery
    #   click-didyoumean
    #   click-plugins
    #   click-repl
    #   flask
    #   mkdocs
    #   typer
    #   uvicorn
click-didyoumean==0.3.1
    # via celery
click-plugins==1.1.1.2
    # via celery
click-repl==0.3.0
    # via celery
colorama==0.4.6
    # via mkdocs-material
coverage==7.13.1
    # via pytest-cov
cryptography==46.0.3
    # via
    #   -r requirements.in
    #   pdfminer-six
    #   python-jose
distro==1.9.0
    # via
    #   anthropic
    #   openai
dnspython==2.8.0
    # via email-validator
docstring-parser==0.17.0
    # via anthropic
ecdsa==0.19.1
    # via python-jose
email-validator==2.3.0
    # via -r requirements.in
et-xmlfile==2.0.0
    # via openpyxl
exceptiongroup==1.3.1
    # via celery
faiss-cpu==1.13.2
    # via -r requirements.in
fastapi==0.128.0
    # via -r requirements.in
filelock==3.20.1
    # via
    #   huggingface-hub
    #   torch
    #   transformers
flake8==7.3.0
    # via -r requirements.in
flask==3.1.2
    # via
    #   -r requirements.in
    #   flask-cors
flask-cors==6.0.2
    # via -r requirements.in
frozenlist==1.8.0
    # via
    #   aiohttp
    #   aiosignal
fsspec==2025.12.0
    # via
    #   huggingface-hub
    #   torch
future==1.0.0
    # via nebula3-python
ghp-import==2.1.0
    # via mkdocs
grpcio==1.76.0
    # via
    #   grpcio-tools
    #   qdrant-client
grpcio-tools==1.76.0
    # via qdrant-client
h11==0.16.0
    # via
    #   httpcore
    #   uvicorn
h2==4.3.0
    # via httpx
hf-xet==1.2.0
    # via huggingface-hub
hpack==4.1.0
    # via h2
httpcore==1.0.9
    # via httpx
httplib2==0.31.0
    # via nebula3-python
httptools==0.7.1
    # via uvicorn
httpx==0.28.1
    # via
    #   -r requirements.in
    #   anthropic
    #   nebula3-python
    #   openai
    #   qdrant-client
huggingface-hub==0.36.0
    # via
    #   sentence-transformers
    #   tokenizers
    #   transformers
hyperframe==6.1.0
    # via h2
idna==3.11
    # via
    #   anyio
    #   email-validator
    #   httpx
    #   requests
    #   yarl
importlib-metadata==8.7.1
    # via opentelemetry-api
iniconfig==2.3.0
    # via pytest
itsdangerous==2.2.0
    # via flask
jinja2==3.1.6
    # via
    #   flask
    #   mkdocs
    #   mkdocs-material
    #   torch
jiter==0.12.0
    # via
    #   anthropic
    #   openai
joblib==1.5.3
    # via scikit-learn
kombu==5.6.1
    # via celery
librt==0.7.5
    # via mypy
lxml==6.0.2
    # via -r requirements.in
mako==1.3.10
    # via alembic
markdown==3.10
    # via
    #   mkdocs
    #   mkdocs-material
    #   pymdown-extensions
markdown-it-py==4.0.0
    # via rich
markupsafe==3.0.3
    # via
    #   flask
    #   jinja2
    #   mako
    #   mkdocs
    #   werkzeug
mccabe==0.7.0
    # via flake8
mdurl==0.1.2
    # via markdown-it-py
memory-profiler==0.61.0
    # via -r requirements.in
mergedeep==1.3.4
    # via
    #   mkdocs
    #   mkdocs-get-deps
mkdocs==1.6.1
    # via
    #   -r requirements.in
    #   mkdocs-material
mkdocs-get-deps==0.2.0
    # via mkdocs
mkdocs-material==9.7.1
    # via -r requirements.in
mkdocs-material-extensions==1.3.1
    # via mkdocs-material
mpmath==1.3.0
    # via sympy
multidict==6.7.0
    # via
    #   aiohttp
    #   yarl
mypy==1.19.1
    # via -r requirements.in
mypy-extensions==1.1.0
    # via
    #   black
    #   mypy
nebula3-python==3.8.3
    # via -r requirements.in
nest-asyncio==1.6.0
    # via -r requirements.in
networkx==3.6.1
    # via torch
numpy==1.26.4
    # via
    #   -r requirements.in
    #   faiss-cpu
    #   pandas
    #   qdrant-client
    #   scikit-learn
    #   scipy
    #   transformers
openai==2.14.0
    # via -r requirements.in
openpyxl==3.1.5
    # via -r requirements.in
opentelemetry-api==1.39.1
    # via
    #   -r requirements.in
    #   opentelemetry-instrumentation
    #   opentelemetry-instrumentation-asgi
    #   opentelemetry-instrumentation-fastapi
    #   opentelemetry-sdk
    #   opentelemetry-semantic-conventions
opentelemetry-instrumentation==0.60b1
    # via
    #   opentelemetry-instrumentation-asgi
    #   opentelemetry-instrumentation-fastapi
opentelemetry-instrumentation-asgi==0.60b1
    # via opentelemetry-instrumentation-fastapi
opentelemetry-instrumentation-fastapi==0.60b1
    # via -r requirements.in
opentelemetry-sdk==1.39.1
    # via -r requirements.in
opentelemetry-semantic-conventions==0.60b1
    # via
    #   opentelemetry-instrumentation
    #   opentelemetry-instrumentation-asgi
    #   opentelemetry-instrumentation-fastapi
    #   opentelemetry-sdk
opentelemetry-util-http==0.60b1
    # via
    #   opentelemetry-instrumentation-asgi
    #   opentelemetry-instrumentation-fastapi
packaging==25.0
    # via
    #   black
    #   faiss-cpu
    #   huggingface-hub
    #   kombu
    #   mkdocs
    #   opentelemetry-instrumentation
    #   pytest
    #   transformers
paginate==0.5.7
    # via mkdocs-material
pandas==2.3.3
    # via -r requirements.in
passlib==1.7.4
    # via -r requirements.in
pathspec==0.12.1
    # via
    #   black
    #   mkdocs
    #   mypy
pdfminer-six==20251107
    # via pdfplumber
pdfplumber==0.11.8
    # via -r requirements.in
pillow==12.0.0
    # via
    #   -r requirements.in
    #   pdfplumber
platformdirs==4.5.1
    # via
    #   black
    #   mkdocs-get-deps
pluggy==1.6.0
    # via
    #   pytest
    #   pytest-cov
portalocker==2.10.1
    # via qdrant-client
prometheus-client==0.23.1
    # via -r requirements.in
prompt-toolkit==3.0.52
    # via click-repl
propcache==0.4.1
    # via
    #   aiohttp
    #   yarl
protobuf==6.33.2
    # via grpcio-tools
psutil==7.2.1
    # via
    #   -r requirements.in
    #   memory-profiler
psycopg2-binary==2.9.11
    # via -r requirements.in
py-spy==0.4.1
    # via -r requirements.in
pyasn1==0.6.1
    # via
    #   python-jose
    #   rsa
pycodestyle==2.14.0
    # via flake8
pycparser==2.23
    # via cffi
pydantic==2.12.5
    # via
    #   -r requirements.in
    #   anthropic
    #   fastapi
    #   openai
    #   pydantic-settings
    #   qdrant-client
pydantic-core==2.41.5
    # via pydantic
pydantic-settings==2.12.0
    # via -r requirements.in
pyflakes==3.4.0
    # via flake8
pygments==2.19.2
    # via
    #   mkdocs-material
    #   pytest
    #   rich
pyjwt==2.10.1
    # via -r requirements.in
pymdown-extensions==10.19.1
    # via mkdocs-material
pymupdf==1.26.7
    # via -r requirements.in
pyparsing==3.3.1
    # via httplib2
pypdfium2==5.2.0
    # via pdfplumber
pytest==9.0.2
    # via
    #   -r requirements.in
    #   pytest-asyncio
    #   pytest-cov
pytest-asyncio==1.3.0
    # via -r requirements.in
pytest-cov==7.0.0
    # via -r requirements.in
python-dateutil==2.9.0.post0
    # via
    #   -r requirements.in
    #   celery
    #   ghp-import
    #   pandas
python-dotenv==1.2.1
    # via
    #   -r requirements.in
    #   pydantic-settings
    #   uvicorn
python-jose==3.5.0
    # via -r requirements.in
python-multipart==0.0.21
    # via -r requirements.in
pytokens==0.3.0
    # via black
pytz==2025.2
    # via
    #   -r requirements.in
    #   nebula3-python
    #   pandas
pyyaml==6.0.3
    # via
    #   -r requirements.in
    #   huggingface-hub
    #   mkdocs
    #   mkdocs-get-deps
    #   pymdown-extensions
    #   pyyaml-env-tag
    #   transformers
    #   uvicorn
pyyaml-env-tag==1.1
    # via mkdocs
qdrant-client==1.12.1
    # via -r requirements.in
redis==7.1.0
    # via -r requirements.in
regex==2025.11.3
    # via transformers
requests==2.32.5
    # via
    #   -r requirements.in
    #   huggingface-hub
    #   mkdocs-material
    #   transformers
rich==14.2.0
    # via
    #   -r requirements.in
    #   typer
rsa==4.9.1
    # via python-jose
safetensors==0.7.0
    # via transformers
scikit-learn==1.8.0
    # via
    #   -r requirements.in
    #   sentence-transformers
scipy==1.16.3
    # via
    #   scikit-learn
    #   sentence-transformers
sentence-transformers==5.2.0
    # via -r requirements.in
shellingham==1.5.4
    # via typer
six==1.17.0
    # via
    #   ecdsa
    #   nebula3-python
    #   python-dateutil
sniffio==1.3.1
    # via
    #   anthropic
    #   openai
soupsieve==2.8.1
    # via beautifulsoup4
sqlalchemy==2.0.45
    # via
    #   -r requirements.in
    #   alembic
starlette==0.50.0
    # via fastapi
structlog==25.5.0
    # via -r requirements.in
sympy==1.14.0
    # via torch
tenacity==9.1.2
    # via -r requirements.in
threadpoolctl==3.6.0
    # via scikit-learn
tokenizers==0.22.1
    # via transformers
toml==0.10.2
    # via -r requirements.in
torch==2.9.1
    # via
    #   -r requirements.in
    #   sentence-transformers
tqdm==4.67.1
    # via
    #   -r requirements.in
    #   huggingface-hub
    #   openai
    #   sentence-transformers
    #   transformers
transformers==4.57.3
    # via
    #   -r requirements.in
    #   sentence-transformers
typer==0.21.0
    # via -r requirements.in
typing-extensions==4.15.0
    # via
    #   aioredis
    #   alembic
    #   anthropic
    #   beautifulsoup4
    #   fastapi
    #   grpcio
    #   huggingface-hub
    #   mypy
    #   openai
    #   opentelemetry-api
    #   opentelemetry-sdk
    #   opentelemetry-semantic-conventions
    #   pydantic
    #   pydantic-core
    #   sentence-transformers
    #   sqlalchemy
    #   torch
    #   typer
    #   typing-inspection
typing-inspection==0.4.2
    # via
    #   pydantic
    #   pydantic-settings
tzdata==2025.3
    # via
    #   kombu
    #   pandas
tzlocal==5.3.1
    # via celery
urllib3==2.6.2
    # via
    #   qdrant-client
    #   requests
uvicorn==0.40.0
    # via -r requirements.in
uvloop==0.22.1
    # via uvicorn
vine==5.1.0
    # via
    #   amqp
    #   celery
    #   kombu
watchdog==6.0.0
    # via mkdocs
watchfiles==1.1.1
    # via uvicorn
wcwidth==0.2.14
    # via prompt-toolkit
websockets==15.0.1
    # via uvicorn
werkzeug==3.1.4
    # via
    #   flask
    #   flask-cors
wrapt==1.17.3
    # via opentelemetry-instrumentation
yarl==1.22.0
    # via aiohttp
zipp==3.23.0
    # via importlib-metadata

# The following packages are considered to be unsafe in a requirements file:
# setuptools
